{
  "nodes": {
    "nixpkgs": {
      "locked": {
        "lastModified": 1673704454,
        "narHash": "sha256-5Wdj1MgdOgn3+dMFIBtg+IAYZApjF8JzwLWDPieg0C4=",
        "owner": "NixOS",
        "repo": "nixpkgs",
        "rev": "a83ed85c14fcf242653df6f4b0974b7e1c73c6c6",
        "type": "github"
      },
      "original": {
        "id": "nixpkgs",
        "ref": "nixos-22.11",
        "type": "indirect"
      }
    },
    "root": {
      "inputs": {
        "nixpkgs": "nixpkgs"
      }
    }
  },
  "root": "root",
  "version": 7
}
