# THIS IS AN AUTOGENERATED FILE. DO NOT EDIT THIS FILE DIRECTLY.
# yarn lockfile v1


"@slack/types@^2.4.0":
  version "2.4.0"
  resolved "https://registry.npmjs.org/@slack/types/-/types-2.4.0.tgz#b6f6d50e9181f723080b841302e089739cef512d"
  integrity sha512-0k8UlVEH9gUVwTbwcanS1JT2vCROkr1WESgdXW7d2maWYTuwbVEx87YvXPjsemAJfdu+RYqxGhO2oGTigprepA==
