---
version: 1
interactions:
- request:
    body: ""
    form: {}
    headers:
      Accept:
      - application/vnd.github.v3+json
      User-Agent:
      - go-github
    url: https://api.github.com/repos/sourcegraph/sourcegraph/branches/test-buildsherrif-branch/protection/restrictions
    method: DELETE
  response:
    body: ""
    headers:
      Access-Control-Allow-Origin:
      - '*'
      Access-Control-Expose-Headers:
      - ETag, Link, Location, Retry-After, X-GitHub-OTP, X-RateLimit-Limit, X-RateLimit-Remaining,
        X-RateLimit-Used, X-RateLimit-Resource, X-RateLimit-Reset, X-OAuth-Scopes,
        X-Accepted-OAuth-Scopes, X-Poll-Interval, X-GitHub-Media-Type, Deprecation,
        Sunset
      Content-Security-Policy:
      - default-src 'none'
      Date:
      - Fri, 10 Dec 2021 18:05:25 GMT
      Referrer-Policy:
      - origin-when-cross-origin, strict-origin-when-cross-origin
      Server:
      - GitHub.com
      Strict-Transport-Security:
      - max-age=31536000; includeSubdomains; preload
      Vary:
      - Accept-Encoding, Accept, X-Requested-With
      X-Accepted-Oauth-Scopes:
      - ""
      X-Content-Type-Options:
      - nosniff
      X-Frame-Options:
      - deny
      X-Github-Media-Type:
      - github.v3; format=json
      X-Github-Request-Id:
      - FF62:390B:AA23B7:14B3581:61B396E4
      X-Oauth-Scopes:
      - admin:enterprise, admin:gpg_key, admin:org, admin:org_hook, admin:public_key,
        admin:repo_hook, delete:packages, delete_repo, gist, notifications, repo,
        user, workflow, write:discussion, write:packages
      X-Ratelimit-Limit:
      - "5000"
      X-Ratelimit-Remaining:
      - "4973"
      X-Ratelimit-Reset:
      - "1639162989"
      X-Ratelimit-Resource:
      - core
      X-Ratelimit-Used:
      - "27"
      X-Xss-Protection:
      - "0"
    status: 204 No Content
    code: 204
    duration: ""
- request:
    body: ""
    form: {}
    headers:
      Accept:
      - application/vnd.github.luke-cage-preview+json
      User-Agent:
      - go-github
    url: https://api.github.com/repos/sourcegraph/sourcegraph/branches/test-buildsherrif-branch/protection
    method: GET
  response:
    body: '{"url":"https://api.github.com/repos/sourcegraph/sourcegraph/branches/test-buildsherrif-branch/protection","required_signatures":{"url":"https://api.github.com/repos/sourcegraph/sourcegraph/branches/test-buildsherrif-branch/protection/required_signatures","enabled":false},"enforce_admins":{"url":"https://api.github.com/repos/sourcegraph/sourcegraph/branches/test-buildsherrif-branch/protection/enforce_admins","enabled":false},"required_linear_history":{"enabled":true},"allow_force_pushes":{"enabled":false},"allow_deletions":{"enabled":false},"required_conversation_resolution":{"enabled":false}}'
    headers:
      Access-Control-Allow-Origin:
      - '*'
      Access-Control-Expose-Headers:
      - ETag, Link, Location, Retry-After, X-GitHub-OTP, X-RateLimit-Limit, X-RateLimit-Remaining,
        X-RateLimit-Used, X-RateLimit-Resource, X-RateLimit-Reset, X-OAuth-Scopes,
        X-Accepted-OAuth-Scopes, X-Poll-Interval, X-GitHub-Media-Type, Deprecation,
        Sunset
      Cache-Control:
      - private, max-age=60, s-maxage=60
      Content-Security-Policy:
      - default-src 'none'
      Content-Type:
      - application/json; charset=utf-8
      Date:
      - Fri, 10 Dec 2021 18:05:25 GMT
      Etag:
      - W/"1ab4c80de10ce0158d7a2ffe2bcc3d5a277819a6037440a4536a3b13faa524e3"
      Referrer-Policy:
      - origin-when-cross-origin, strict-origin-when-cross-origin
      Server:
      - GitHub.com
      Strict-Transport-Security:
      - max-age=31536000; includeSubdomains; preload
      Vary:
      - Accept, Authorization, Cookie, X-GitHub-OTP
      - Accept-Encoding, Accept, X-Requested-With
      X-Accepted-Oauth-Scopes:
      - ""
      X-Content-Type-Options:
      - nosniff
      X-Frame-Options:
      - deny
      X-Github-Media-Type:
      - github.v3; param=luke-cage-preview; format=json
      X-Github-Request-Id:
      - FF62:390B:AA23D4:14B35BE:61B396E5
      X-Oauth-Scopes:
      - admin:enterprise, admin:gpg_key, admin:org, admin:org_hook, admin:public_key,
        admin:repo_hook, delete:packages, delete_repo, gist, notifications, repo,
        user, workflow, write:discussion, write:packages
      X-Ratelimit-Limit:
      - "5000"
      X-Ratelimit-Remaining:
      - "4972"
      X-Ratelimit-Reset:
      - "1639162989"
      X-Ratelimit-Resource:
      - core
      X-Ratelimit-Used:
      - "28"
      X-Xss-Protection:
      - "0"
    status: 200 OK
    code: 200
    duration: ""
