---
version: 1
interactions:
- request:
    body: ""
    form: {}
    headers:
      Accept:
      - application/vnd.github.luke-cage-preview+json
      User-Agent:
      - go-github/v55.0.0
      X-Github-Api-Version:
      - "2022-11-28"
    url: https://api.github.com/repos/sourcegraph/sourcegraph/branches/test-buildsherrif-branch/protection
    method: GET
  response:
    body: '{"url":"https://api.github.com/repos/sourcegraph/sourcegraph/branches/test-buildsherrif-branch/protection","required_status_checks":{"url":"https://api.github.com/repos/sourcegraph/sourcegraph/branches/test-buildsherrif-branch/protection/required_status_checks","strict":false,"contexts":[],"contexts_url":"https://api.github.com/repos/sourcegraph/sourcegraph/branches/test-buildsherrif-branch/protection/required_status_checks/contexts","checks":[]},"restrictions":{"url":"https://api.github.com/repos/sourcegraph/sourcegraph/branches/test-buildsherrif-branch/protection/restrictions","users_url":"https://api.github.com/repos/sourcegraph/sourcegraph/branches/test-buildsherrif-branch/protection/restrictions/users","teams_url":"https://api.github.com/repos/sourcegraph/sourcegraph/branches/test-buildsherrif-branch/protection/restrictions/teams","apps_url":"https://api.github.com/repos/sourcegraph/sourcegraph/branches/test-buildsherrif-branch/protection/restrictions/apps","users":[{"login":"jhchabran","id":10151,"node_id":"MDQ6VXNlcjEwMTUx","avatar_url":"https://avatars.githubusercontent.com/u/10151?v=4","gravatar_id":"","url":"https://api.github.com/users/jhchabran","html_url":"https://github.com/jhchabran","followers_url":"https://api.github.com/users/jhchabran/followers","following_url":"https://api.github.com/users/jhchabran/following{/other_user}","gists_url":"https://api.github.com/users/jhchabran/gists{/gist_id}","starred_url":"https://api.github.com/users/jhchabran/starred{/owner}{/repo}","subscriptions_url":"https://api.github.com/users/jhchabran/subscriptions","organizations_url":"https://api.github.com/users/jhchabran/orgs","repos_url":"https://api.github.com/users/jhchabran/repos","events_url":"https://api.github.com/users/jhchabran/events{/privacy}","received_events_url":"https://api.github.com/users/jhchabran/received_events","type":"User","site_admin":false},{"login":"bobheadxi","id":23356519,"node_id":"MDQ6VXNlcjIzMzU2NTE5","avatar_url":"https://avatars.githubusercontent.com/u/23356519?v=4","gravatar_id":"","url":"https://api.github.com/users/bobheadxi","html_url":"https://github.com/bobheadxi","followers_url":"https://api.github.com/users/bobheadxi/followers","following_url":"https://api.github.com/users/bobheadxi/following{/other_user}","gists_url":"https://api.github.com/users/bobheadxi/gists{/gist_id}","starred_url":"https://api.github.com/users/bobheadxi/starred{/owner}{/repo}","subscriptions_url":"https://api.github.com/users/bobheadxi/subscriptions","organizations_url":"https://api.github.com/users/bobheadxi/orgs","repos_url":"https://api.github.com/users/bobheadxi/repos","events_url":"https://api.github.com/users/bobheadxi/events{/privacy}","received_events_url":"https://api.github.com/users/bobheadxi/received_events","type":"User","site_admin":false}],"teams":[{"name":"Dev
      Experience","id":5135343,"node_id":"T_kwDOADy5QM4ATlvv","slug":"dev-experience","description":"The
      Sourcegraph dev experience team: https://handbook.sourcegraph.com/departments/engineering/teams/dev-experience","privacy":"closed","notification_setting":"notifications_enabled","url":"https://api.github.com/organizations/3979584/team/5135343","html_url":"https://github.com/orgs/sourcegraph/teams/dev-experience","members_url":"https://api.github.com/organizations/3979584/team/5135343/members{/member}","repositories_url":"https://api.github.com/organizations/3979584/team/5135343/repos","permission":"pull","parent":{"name":"Engineering","id":6133235,"node_id":"T_kwDOADy5QM4AXZXz","slug":"engineering","description":"Sourcegraph
      Engineering Department","privacy":"closed","notification_setting":"notifications_enabled","url":"https://api.github.com/organizations/3979584/team/6133235","html_url":"https://github.com/orgs/sourcegraph/teams/engineering","members_url":"https://api.github.com/organizations/3979584/team/6133235/members{/member}","repositories_url":"https://api.github.com/organizations/3979584/team/6133235/repos","permission":"pull"}}],"apps":[]},"required_pull_request_reviews":{"url":"https://api.github.com/repos/sourcegraph/sourcegraph/branches/test-buildsherrif-branch/protection/required_pull_request_reviews","dismiss_stale_reviews":false,"require_code_owner_reviews":false,"require_last_push_approval":false,"required_approving_review_count":1},"required_signatures":{"url":"https://api.github.com/repos/sourcegraph/sourcegraph/branches/test-buildsherrif-branch/protection/required_signatures","enabled":false},"enforce_admins":{"url":"https://api.github.com/repos/sourcegraph/sourcegraph/branches/test-buildsherrif-branch/protection/enforce_admins","enabled":true},"required_linear_history":{"enabled":true},"allow_force_pushes":{"enabled":false},"allow_deletions":{"enabled":false},"block_creations":{"enabled":false},"required_conversation_resolution":{"enabled":false},"lock_branch":{"enabled":false},"allow_fork_syncing":{"enabled":false}}'
    headers:
      Access-Control-Allow-Origin:
      - '*'
      Access-Control-Expose-Headers:
      - ETag, Link, Location, Retry-After, X-GitHub-OTP, X-RateLimit-Limit, X-RateLimit-Remaining,
        X-RateLimit-Used, X-RateLimit-Resource, X-RateLimit-Reset, X-OAuth-Scopes,
        X-Accepted-OAuth-Scopes, X-Poll-Interval, X-GitHub-Media-Type, X-GitHub-SSO,
        X-GitHub-Request-Id, Deprecation, Sunset
      Cache-Control:
      - private, max-age=60, s-maxage=60
      Content-Security-Policy:
      - default-src 'none'
      Content-Type:
      - application/json; charset=utf-8
      Date:
      - Fri, 13 Oct 2023 08:46:34 GMT
      Etag:
      - W/"8d6d17674d2929b4e4234149dd9bdb27bc0db5cd5759162b2352c2e381d1283f"
      Referrer-Policy:
      - origin-when-cross-origin, strict-origin-when-cross-origin
      Server:
      - GitHub.com
      Strict-Transport-Security:
      - max-age=31536000; includeSubdomains; preload
      Vary:
      - Accept, Authorization, Cookie, X-GitHub-OTP
      - Accept-Encoding, Accept, X-Requested-With
      X-Content-Type-Options:
      - nosniff
      X-Frame-Options:
      - deny
      X-Github-Api-Version-Selected:
      - "2022-11-28"
      X-Github-Media-Type:
      - github.v3; param=luke-cage-preview; format=json
      X-Github-Request-Id:
      - D0C0:D82FB:99E20:D8BB2:652903EA
      X-Ratelimit-Limit:
      - "5000"
      X-Ratelimit-Remaining:
      - "4860"
      X-Ratelimit-Reset:
      - "1697187415"
      X-Ratelimit-Resource:
      - core
      X-Ratelimit-Used:
      - "140"
      X-Xss-Protection:
      - "0"
    status: 200 OK
    code: 200
    duration: ""
- request:
    body: ""
    form: {}
    headers:
      Accept:
      - application/vnd.github.v3+json
      User-Agent:
      - go-github/v55.0.0
      X-Github-Api-Version:
      - "2022-11-28"
    url: https://api.github.com/repos/sourcegraph/sourcegraph/branches/test-buildsherrif-branch/protection/restrictions
    method: DELETE
  response:
    body: ""
    headers:
      Access-Control-Allow-Origin:
      - '*'
      Access-Control-Expose-Headers:
      - ETag, Link, Location, Retry-After, X-GitHub-OTP, X-RateLimit-Limit, X-RateLimit-Remaining,
        X-RateLimit-Used, X-RateLimit-Resource, X-RateLimit-Reset, X-OAuth-Scopes,
        X-Accepted-OAuth-Scopes, X-Poll-Interval, X-GitHub-Media-Type, X-GitHub-SSO,
        X-GitHub-Request-Id, Deprecation, Sunset
      Content-Security-Policy:
      - default-src 'none'
      Date:
      - Fri, 13 Oct 2023 08:46:35 GMT
      Referrer-Policy:
      - origin-when-cross-origin, strict-origin-when-cross-origin
      Server:
      - GitHub.com
      Strict-Transport-Security:
      - max-age=31536000; includeSubdomains; preload
      Vary:
      - Accept-Encoding, Accept, X-Requested-With
      X-Content-Type-Options:
      - nosniff
      X-Frame-Options:
      - deny
      X-Github-Api-Version-Selected:
      - "2022-11-28"
      X-Github-Media-Type:
      - github.v3; format=json
      X-Github-Request-Id:
      - D0C0:D82FB:99E2D:D8BBF:652903EB
      X-Ratelimit-Limit:
      - "5000"
      X-Ratelimit-Remaining:
      - "4859"
      X-Ratelimit-Reset:
      - "1697187415"
      X-Ratelimit-Resource:
      - core
      X-Ratelimit-Used:
      - "141"
      X-Xss-Protection:
      - "0"
    status: 204 No Content
    code: 204
    duration: ""
- request:
    body: ""
    form: {}
    headers:
      Accept:
      - application/vnd.github.luke-cage-preview+json
      User-Agent:
      - go-github/v55.0.0
      X-Github-Api-Version:
      - "2022-11-28"
    url: https://api.github.com/repos/sourcegraph/sourcegraph/branches/test-buildsherrif-branch/protection
    method: GET
  response:
    body: '{"url":"https://api.github.com/repos/sourcegraph/sourcegraph/branches/test-buildsherrif-branch/protection","required_status_checks":{"url":"https://api.github.com/repos/sourcegraph/sourcegraph/branches/test-buildsherrif-branch/protection/required_status_checks","strict":false,"contexts":[],"contexts_url":"https://api.github.com/repos/sourcegraph/sourcegraph/branches/test-buildsherrif-branch/protection/required_status_checks/contexts","checks":[]},"required_pull_request_reviews":{"url":"https://api.github.com/repos/sourcegraph/sourcegraph/branches/test-buildsherrif-branch/protection/required_pull_request_reviews","dismiss_stale_reviews":false,"require_code_owner_reviews":false,"require_last_push_approval":false,"required_approving_review_count":1},"required_signatures":{"url":"https://api.github.com/repos/sourcegraph/sourcegraph/branches/test-buildsherrif-branch/protection/required_signatures","enabled":false},"enforce_admins":{"url":"https://api.github.com/repos/sourcegraph/sourcegraph/branches/test-buildsherrif-branch/protection/enforce_admins","enabled":true},"required_linear_history":{"enabled":true},"allow_force_pushes":{"enabled":false},"allow_deletions":{"enabled":false},"block_creations":{"enabled":false},"required_conversation_resolution":{"enabled":false},"lock_branch":{"enabled":false},"allow_fork_syncing":{"enabled":false}}'
    headers:
      Access-Control-Allow-Origin:
      - '*'
      Access-Control-Expose-Headers:
      - ETag, Link, Location, Retry-After, X-GitHub-OTP, X-RateLimit-Limit, X-RateLimit-Remaining,
        X-RateLimit-Used, X-RateLimit-Resource, X-RateLimit-Reset, X-OAuth-Scopes,
        X-Accepted-OAuth-Scopes, X-Poll-Interval, X-GitHub-Media-Type, X-GitHub-SSO,
        X-GitHub-Request-Id, Deprecation, Sunset
      Cache-Control:
      - private, max-age=60, s-maxage=60
      Content-Security-Policy:
      - default-src 'none'
      Content-Type:
      - application/json; charset=utf-8
      Date:
      - Fri, 13 Oct 2023 08:46:35 GMT
      Etag:
      - W/"56bdf05c0fb5cf85a6c3919b546ad555e1b9c7f1e00666821704d4b4ebde38d0"
      Referrer-Policy:
      - origin-when-cross-origin, strict-origin-when-cross-origin
      Server:
      - GitHub.com
      Strict-Transport-Security:
      - max-age=31536000; includeSubdomains; preload
      Vary:
      - Accept, Authorization, Cookie, X-GitHub-OTP
      - Accept-Encoding, Accept, X-Requested-With
      X-Content-Type-Options:
      - nosniff
      X-Frame-Options:
      - deny
      X-Github-Api-Version-Selected:
      - "2022-11-28"
      X-Github-Media-Type:
      - github.v3; param=luke-cage-preview; format=json
      X-Github-Request-Id:
      - D0C0:D82FB:99E40:D8BD6:652903EB
      X-Ratelimit-Limit:
      - "5000"
      X-Ratelimit-Remaining:
      - "4858"
      X-Ratelimit-Reset:
      - "1697187415"
      X-Ratelimit-Resource:
      - core
      X-Ratelimit-Used:
      - "142"
      X-Xss-Protection:
      - "0"
    status: 200 OK
    code: 200
    duration: ""
- request:
    body: ""
    form: {}
    headers:
      Accept:
      - application/vnd.github.luke-cage-preview+json
      User-Agent:
      - go-github/v55.0.0
      X-Github-Api-Version:
      - "2022-11-28"
    url: https://api.github.com/repos/sourcegraph/sourcegraph/branches/test-buildsherrif-branch/protection
    method: GET
  response:
    body: '{"url":"https://api.github.com/repos/sourcegraph/sourcegraph/branches/test-buildsherrif-branch/protection","required_status_checks":{"url":"https://api.github.com/repos/sourcegraph/sourcegraph/branches/test-buildsherrif-branch/protection/required_status_checks","strict":false,"contexts":[],"contexts_url":"https://api.github.com/repos/sourcegraph/sourcegraph/branches/test-buildsherrif-branch/protection/required_status_checks/contexts","checks":[]},"required_pull_request_reviews":{"url":"https://api.github.com/repos/sourcegraph/sourcegraph/branches/test-buildsherrif-branch/protection/required_pull_request_reviews","dismiss_stale_reviews":false,"require_code_owner_reviews":false,"require_last_push_approval":false,"required_approving_review_count":1},"required_signatures":{"url":"https://api.github.com/repos/sourcegraph/sourcegraph/branches/test-buildsherrif-branch/protection/required_signatures","enabled":false},"enforce_admins":{"url":"https://api.github.com/repos/sourcegraph/sourcegraph/branches/test-buildsherrif-branch/protection/enforce_admins","enabled":true},"required_linear_history":{"enabled":true},"allow_force_pushes":{"enabled":false},"allow_deletions":{"enabled":false},"block_creations":{"enabled":false},"required_conversation_resolution":{"enabled":false},"lock_branch":{"enabled":false},"allow_fork_syncing":{"enabled":false}}'
    headers:
      Access-Control-Allow-Origin:
      - '*'
      Access-Control-Expose-Headers:
      - ETag, Link, Location, Retry-After, X-GitHub-OTP, X-RateLimit-Limit, X-RateLimit-Remaining,
        X-RateLimit-Used, X-RateLimit-Resource, X-RateLimit-Reset, X-OAuth-Scopes,
        X-Accepted-OAuth-Scopes, X-Poll-Interval, X-GitHub-Media-Type, X-GitHub-SSO,
        X-GitHub-Request-Id, Deprecation, Sunset
      Cache-Control:
      - private, max-age=60, s-maxage=60
      Content-Security-Policy:
      - default-src 'none'
      Content-Type:
      - application/json; charset=utf-8
      Date:
      - Fri, 13 Oct 2023 08:46:36 GMT
      Etag:
      - W/"56bdf05c0fb5cf85a6c3919b546ad555e1b9c7f1e00666821704d4b4ebde38d0"
      Referrer-Policy:
      - origin-when-cross-origin, strict-origin-when-cross-origin
      Server:
      - GitHub.com
      Strict-Transport-Security:
      - max-age=31536000; includeSubdomains; preload
      Vary:
      - Accept, Authorization, Cookie, X-GitHub-OTP
      - Accept-Encoding, Accept, X-Requested-With
      X-Content-Type-Options:
      - nosniff
      X-Frame-Options:
      - deny
      X-Github-Api-Version-Selected:
      - "2022-11-28"
      X-Github-Media-Type:
      - github.v3; param=luke-cage-preview; format=json
      X-Github-Request-Id:
      - D0C0:D82FB:99E50:D8BE8:652903EC
      X-Ratelimit-Limit:
      - "5000"
      X-Ratelimit-Remaining:
      - "4857"
      X-Ratelimit-Reset:
      - "1697187415"
      X-Ratelimit-Resource:
      - core
      X-Ratelimit-Used:
      - "143"
      X-Xss-Protection:
      - "0"
    status: 200 OK
    code: 200
    duration: ""
