{
  "name": "example-client",
  "requires": true,
  "lockfileVersion": 1,
  "dependencies": {
    "@types/events": {
      "version": "1.2.0",
      "resolved": "https://registry.npmjs.org/@types/events/-/events-1.2.0.tgz",
      "integrity": "sha512-KEIlhXnIutzKwRbQkGWb/I4HFqBuUykAdHgDED6xqwXJfONCjF5VoE0cXEiurh3XauygxzeDzgtXUqvLkxFzzA==",
      "dev": true
    },
    "@types/node": {
      "version": "10.5.2",
      "resolved": "https://registry.npmjs.org/@types/node/-/node-10.5.2.tgz",
      "integrity": "sha512-m9zXmifkZsMHZBOyxZWilMwmTlpC8x5Ty360JKTiXvlXZfBWYpsg9ZZvP/Ye+iZUh+Q+MxDLjItVTWIsfwz+8Q==",
      "dev": true
    },
    "@types/ws": {
      "version": "5.1.2",
      "resolved": "https://registry.npmjs.org/@types/ws/-/ws-5.1.2.tgz",
      "integrity": "sha512-NkTXUKTYdXdnPE2aUUbGOXE1XfMK527SCvU/9bj86kyFF6kZ9ZnOQ3mK5jADn98Y2vEUD/7wKDgZa7Qst2wYOg==",
      "dev": true,
      "requires": {
        "@types/events": "*",
        "@types/node": "*"
      }
    },
    "async-limiter": {
      "version": "1.0.0",
      "resolved": "https://registry.npmjs.org/async-limiter/-/async-limiter-1.0.0.tgz",
      "integrity": "sha512-jp/uFnooOiO+L211eZOoSyzpOITMXx1rBITauYykG3BRYPu8h0UcxsPNB04RR5vo4Tyz3+ay17tR6JVf9qzYWg=="
    },
    "ws": {
      "version": "5.2.1",
      "resolved": "https://registry.npmjs.org/ws/-/ws-5.2.1.tgz",
      "integrity": "sha512-2NkHdPKjDBj3CHdnAGNpmlliryKqF+n9MYXX7/wsVC4yqYocKreKNjydPDvT3wShAZnndlM0RytEfTALCDvz7A==",
      "requires": {
        "async-limiter": "~1.0.0"
      }
    }
  }
}
