{
  "name": "api",
  "version": "1.0.0",
  "lockfileVersion": 1,
  "requires": true,
  "dependencies": {
    "bluebird": {
      "version": "3.5.0",
      "resolved": "https://registry.npmjs.org/bluebird/-/bluebird-3.5.0.tgz",
      "integrity": "sha1-eRQg1/VR7qKJdFOop3ZT+WYG1nw="
    },
    "commander": {
      "version": "2.9.0",
      "resolved": "https://registry.npmjs.org/commander/-/commander-2.9.0.tgz",
      "integrity": "sha1-nJkJQXbhIkDLItbFFGCYQA/g99Q=",
      "requires": {
        "graceful-readlink": "1.0.1"
      }
    },
    "commandpost": {
      "version": "1.0.1",
      "resolved": "https://registry.npmjs.org/commandpost/-/commandpost-1.0.1.tgz",
      "integrity": "sha1-fX4+aa6P59aUk0HpFZbt6bLWMf0="
    },
    "editorconfig": {
      "version": "0.13.2",
      "resolved": "https://registry.npmjs.org/editorconfig/-/editorconfig-0.13.2.tgz",
      "integrity": "sha1-jleSbZ7mmrbLmZ8CfCFxRnrM6zU=",
      "requires": {
        "bluebird": "3.5.0",
        "commander": "2.9.0",
        "lru-cache": "3.2.0",
        "sigmund": "1.0.1"
      }
    },
    "gql2ts": {
      "version": "0.5.1",
      "resolved": "https://registry.npmjs.org/gql2ts/-/gql2ts-0.5.1.tgz",
      "integrity": "sha1-PaQi18Yd4LEFu4l4hWqXwkmcZ9Y=",
      "requires": {
        "commander": "2.9.0"
      }
    },
    "graceful-readlink": {
      "version": "1.0.1",
      "resolved": "https://registry.npmjs.org/graceful-readlink/-/graceful-readlink-1.0.1.tgz",
      "integrity": "sha1-TK+tdrxi8C+gObL5Tpo906ORpyU="
    },
    "lru-cache": {
      "version": "3.2.0",
      "resolved": "https://registry.npmjs.org/lru-cache/-/lru-cache-3.2.0.tgz",
      "integrity": "sha1-cXibO39Tmb7IVl3aOKow0qCX7+4=",
      "requires": {
        "pseudomap": "1.0.2"
      }
    },
    "pseudomap": {
      "version": "1.0.2",
      "resolved": "https://registry.npmjs.org/pseudomap/-/pseudomap-1.0.2.tgz",
      "integrity": "sha1-8FKijacOYYkX7wqKw0wa5aaChrM="
    },
    "sigmund": {
      "version": "1.0.1",
      "resolved": "https://registry.npmjs.org/sigmund/-/sigmund-1.0.1.tgz",
      "integrity": "sha1-P/IfGYytIXX587eBhT/ZTQ0ZtZA="
    },
    "typescript": {
      "version": "2.2.1",
      "resolved": "https://registry.npmjs.org/typescript/-/typescript-2.2.1.tgz",
      "integrity": "sha1-SGK2YrmIpMj/aRzHlpYi0k23auk="
    },
    "typescript-formatter": {
      "version": "5.1.1",
      "resolved": "https://registry.npmjs.org/typescript-formatter/-/typescript-formatter-5.1.1.tgz",
      "integrity": "sha1-a79+jki6+tDiuM8MAux9skY1EQ0=",
      "requires": {
        "commandpost": "1.0.1",
        "editorconfig": "0.13.2"
      }
    }
  }
}
